// !$*UTF8*$!
{
	archiveVersion = 1;
	classes = {
	};
	objectVersion = 56;
	objects = {

/* Begin PBXBuildFile section */
		B3DDD454294FF43500602148 /* WatchMe Watch App.app in Embed Watch Content */ = {isa = PBXBuildFile; fileRef = B3DDD453294FF43500602148 /* WatchMe Watch App.app */; settings = {ATTRIBUTES = (RemoveHeadersOnCopy, ); }; };
		B3DDD459294FF43500602148 /* WatchMeApp.swift in Sources */ = {isa = PBXBuildFile; fileRef = B3DDD458294FF43500602148 /* WatchMeApp.swift */; };
		B3DDD45B294FF43500602148 /* ContentView.swift in Sources */ = {isa = PBXBuildFile; fileRef = B3DDD45A294FF43500602148 /* ContentView.swift */; };
		B3DDD45D294FF43600602148 /* Assets.xcassets in Resources */ = {isa = PBXBuildFile; fileRef = B3DDD45C294FF43600602148 /* Assets.xcassets */; };
		B3DDD460294FF43600602148 /* Preview Assets.xcassets in Resources */ = {isa = PBXBuildFile; fileRef = B3DDD45F294FF43600602148 /* Preview Assets.xcassets */; };
		B3DDD46E294FF56A00602148 /* WatchMeServ in Frameworks */ = {isa = PBXBuildFile; productRef = B3DDD46D294FF56A00602148 /* WatchMeServ */; };
/* End PBXBuildFile section */

/* Begin PBXContainerItemProxy section */
		B3DDD455294FF43500602148 /* PBXContainerItemProxy */ = {
			isa = PBXContainerItemProxy;
			containerPortal = B3DDD447294FF43400602148 /* Project object */;
			proxyType = 1;
			remoteGlobalIDString = B3DDD452294FF43500602148;
			remoteInfo = "WatchMe Watch App";
		};
/* End PBXContainerItemProxy section */

/* Begin PBXCopyFilesBuildPhase section */
		B3DDD466294FF43600602148 /* Embed Watch Content */ = {
			isa = PBXCopyFilesBuildPhase;
			buildActionMask = 2147483647;
			dstPath = "$(CONTENTS_FOLDER_PATH)/Watch";
			dstSubfolderSpec = 16;
			files = (
				B3DDD454294FF43500602148 /* WatchMe Watch App.app in Embed Watch Content */,
			);
			name = "Embed Watch Content";
			runOnlyForDeploymentPostprocessing = 0;
		};
/* End PBXCopyFilesBuildPhase section */

/* Begin PBXFileReference section */
		B3DDD44D294FF43500602148 /* WatchMe.app */ = {isa = PBXFileReference; explicitFileType = wrapper.application; includeInIndex = 0; path = WatchMe.app; sourceTree = BUILT_PRODUCTS_DIR; };
		B3DDD453294FF43500602148 /* WatchMe Watch App.app */ = {isa = PBXFileReference; explicitFileType = wrapper.application; includeInIndex = 0; path = "WatchMe Watch App.app"; sourceTree = BUILT_PRODUCTS_DIR; };
		B3DDD458294FF43500602148 /* WatchMeApp.swift */ = {isa = PBXFileReference; lastKnownFileType = sourcecode.swift; path = WatchMeApp.swift; sourceTree = "<group>"; };
		B3DDD45A294FF43500602148 /* ContentView.swift */ = {isa = PBXFileReference; lastKnownFileType = sourcecode.swift; path = ContentView.swift; sourceTree = "<group>"; };
		B3DDD45C294FF43600602148 /* Assets.xcassets */ = {isa = PBXFileReference; lastKnownFileType = folder.assetcatalog; path = Assets.xcassets; sourceTree = "<group>"; };
		B3DDD45F294FF43600602148 /* Preview Assets.xcassets */ = {isa = PBXFileReference; lastKnownFileType = folder.assetcatalog; path = "Preview Assets.xcassets"; sourceTree = "<group>"; };
		B3DDD46A294FF4BB00602148 /* WatchMeServ */ = {isa = PBXFileReference; lastKnownFileType = wrapper; name = WatchMeServ; path = Packages/WatchMeServ; sourceTree = "<group>"; };
		B3DDD46B294FF56400602148 /* WatchMe-Watch-App-Info.plist */ = {isa = PBXFileReference; lastKnownFileType = text.plist; path = "WatchMe-Watch-App-Info.plist"; sourceTree = SOURCE_ROOT; };
/* End PBXFileReference section */

/* Begin PBXFrameworksBuildPhase section */
		B3DDD450294FF43500602148 /* Frameworks */ = {
			isa = PBXFrameworksBuildPhase;
			buildActionMask = 2147483647;
			files = (
				B3DDD46E294FF56A00602148 /* WatchMeServ in Frameworks */,
			);
			runOnlyForDeploymentPostprocessing = 0;
		};
/* End PBXFrameworksBuildPhase section */

/* Begin PBXGroup section */
		B3DDD446294FF43400602148 = {
			isa = PBXGroup;
			children = (
				B3DDD46A294FF4BB00602148 /* WatchMeServ */,
				B3DDD457294FF43500602148 /* WatchMe Watch App */,
				B3DDD44E294FF43500602148 /* Products */,
				B3DDD46C294FF56A00602148 /* Frameworks */,
			);
			sourceTree = "<group>";
		};
		B3DDD44E294FF43500602148 /* Products */ = {
			isa = PBXGroup;
			children = (
				B3DDD44D294FF43500602148 /* WatchMe.app */,
				B3DDD453294FF43500602148 /* WatchMe Watch App.app */,
			);
			name = Products;
			sourceTree = "<group>";
		};
		B3DDD457294FF43500602148 /* WatchMe Watch App */ = {
			isa = PBXGroup;
			children = (
				B3DDD46B294FF56400602148 /* WatchMe-Watch-App-Info.plist */,
				B3DDD458294FF43500602148 /* WatchMeApp.swift */,
				B3DDD45A294FF43500602148 /* ContentView.swift */,
				B3DDD45C294FF43600602148 /* Assets.xcassets */,
				B3DDD45E294FF43600602148 /* Preview Content */,
			);
			path = "WatchMe Watch App";
			sourceTree = "<group>";
		};
		B3DDD45E294FF43600602148 /* Preview Content */ = {
			isa = PBXGroup;
			children = (
				B3DDD45F294FF43600602148 /* Preview Assets.xcassets */,
			);
			path = "Preview Content";
			sourceTree = "<group>";
		};
		B3DDD46C294FF56A00602148 /* Frameworks */ = {
			isa = PBXGroup;
			children = (
			);
			name = Frameworks;
			sourceTree = "<group>";
		};
/* End PBXGroup section */

/* Begin PBXNativeTarget section */
		B3DDD44C294FF43500602148 /* WatchMe */ = {
			isa = PBXNativeTarget;
			buildConfigurationList = B3DDD467294FF43600602148 /* Build configuration list for PBXNativeTarget "WatchMe" */;
			buildPhases = (
				B3DDD44B294FF43500602148 /* Resources */,
				B3DDD466294FF43600602148 /* Embed Watch Content */,
			);
			buildRules = (
			);
			dependencies = (
				B3DDD456294FF43500602148 /* PBXTargetDependency */,
			);
			name = WatchMe;
			productName = WatchMe;
			productReference = B3DDD44D294FF43500602148 /* WatchMe.app */;
			productType = "com.apple.product-type.application.watchapp2-container";
		};
		B3DDD452294FF43500602148 /* WatchMe Watch App */ = {
			isa = PBXNativeTarget;
			buildConfigurationList = B3DDD463294FF43600602148 /* Build configuration list for PBXNativeTarget "WatchMe Watch App" */;
			buildPhases = (
				B3DDD44F294FF43500602148 /* Sources */,
				B3DDD450294FF43500602148 /* Frameworks */,
				B3DDD451294FF43500602148 /* Resources */,
			);
			buildRules = (
			);
			dependencies = (
			);
			name = "WatchMe Watch App";
			packageProductDependencies = (
				B3DDD46D294FF56A00602148 /* WatchMeServ */,
			);
			productName = "WatchMe Watch App";
			productReference = B3DDD453294FF43500602148 /* WatchMe Watch App.app */;
			productType = "com.apple.product-type.application";
		};
/* End PBXNativeTarget section */

/* Begin PBXProject section */
		B3DDD447294FF43400602148 /* Project object */ = {
			isa = PBXProject;
			attributes = {
				BuildIndependentTargetsInParallel = 1;
				LastSwiftUpdateCheck = 1420;
				LastUpgradeCheck = 1420;
				TargetAttributes = {
					B3DDD44C294FF43500602148 = {
						CreatedOnToolsVersion = 14.2;
					};
					B3DDD452294FF43500602148 = {
						CreatedOnToolsVersion = 14.2;
					};
				};
			};
			buildConfigurationList = B3DDD44A294FF43400602148 /* Build configuration list for PBXProject "WatchMe" */;
			compatibilityVersion = "Xcode 14.0";
			developmentRegion = en;
			hasScannedForEncodings = 0;
			knownRegions = (
				en,
				Base,
			);
			mainGroup = B3DDD446294FF43400602148;
			productRefGroup = B3DDD44E294FF43500602148 /* Products */;
			projectDirPath = "";
			projectRoot = "";
			targets = (
				B3DDD44C294FF43500602148 /* WatchMe */,
				B3DDD452294FF43500602148 /* WatchMe Watch App */,
			);
		};
/* End PBXProject section */

/* Begin PBXResourcesBuildPhase section */
		B3DDD44B294FF43500602148 /* Resources */ = {
			isa = PBXResourcesBuildPhase;
			buildActionMask = 2147483647;
			files = (
			);
			runOnlyForDeploymentPostprocessing = 0;
		};
		B3DDD451294FF43500602148 /* Resources */ = {
			isa = PBXResourcesBuildPhase;
			buildActionMask = 2147483647;
			files = (
				B3DDD460294FF43600602148 /* Preview Assets.xcassets in Resources */,
				B3DDD45D294FF43600602148 /* Assets.xcassets in Resources */,
			);
			runOnlyForDeploymentPostprocessing = 0;
		};
/* End PBXResourcesBuildPhase section */

/* Begin PBXSourcesBuildPhase section */
		B3DDD44F294FF43500602148 /* Sources */ = {
			isa = PBXSourcesBuildPhase;
			buildActionMask = 2147483647;
			files = (
				B3DDD45B294FF43500602148 /* ContentView.swift in Sources */,
				B3DDD459294FF43500602148 /* WatchMeApp.swift in Sources */,
			);
			runOnlyForDeploymentPostprocessing = 0;
		};
/* End PBXSourcesBuildPhase section */

/* Begin PBXTargetDependency section */
		B3DDD456294FF43500602148 /* PBXTargetDependency */ = {
			isa = PBXTargetDependency;
			target = B3DDD452294FF43500602148 /* WatchMe Watch App */;
			targetProxy = B3DDD455294FF43500602148 /* PBXContainerItemProxy */;
		};
/* End PBXTargetDependency section */

/* Begin XCBuildConfiguration section */
		B3DDD461294FF43600602148 /* Debug */ = {
			isa = XCBuildConfiguration;
			buildSettings = {
				ALWAYS_SEARCH_USER_PATHS = NO;
				CLANG_ANALYZER_NONNULL = YES;
				CLANG_ANALYZER_NUMBER_OBJECT_CONVERSION = YES_AGGRESSIVE;
				CLANG_CXX_LANGUAGE_STANDARD = "gnu++20";
				CLANG_ENABLE_MODULES = YES;
				CLANG_ENABLE_OBJC_ARC = YES;
				CLANG_ENABLE_OBJC_WEAK = YES;
				CLANG_WARN_BLOCK_CAPTURE_AUTORELEASING = YES;
				CLANG_WARN_BOOL_CONVERSION = YES;
				CLANG_WARN_COMMA = YES;
				CLANG_WARN_CONSTANT_CONVERSION = YES;
				CLANG_WARN_DEPRECATED_OBJC_IMPLEMENTATIONS = YES;
				CLANG_WARN_DIRECT_OBJC_ISA_USAGE = YES_ERROR;
				CLANG_WARN_DOCUMENTATION_COMMENTS = YES;
				CLANG_WARN_EMPTY_BODY = YES;
				CLANG_WARN_ENUM_CONVERSION = YES;
				CLANG_WARN_INFINITE_RECURSION = YES;
				CLANG_WARN_INT_CONVERSION = YES;
				CLANG_WARN_NON_LITERAL_NULL_CONVERSION = YES;
				CLANG_WARN_OBJC_IMPLICIT_RETAIN_SELF = YES;
				CLANG_WARN_OBJC_LITERAL_CONVERSION = YES;
				CLANG_WARN_OBJC_ROOT_CLASS = YES_ERROR;
				CLANG_WARN_QUOTED_INCLUDE_IN_FRAMEWORK_HEADER = YES;
				CLANG_WARN_RANGE_LOOP_ANALYSIS = YES;
				CLANG_WARN_STRICT_PROTOTYPES = YES;
				CLANG_WARN_SUSPICIOUS_MOVE = YES;
				CLANG_WARN_UNGUARDED_AVAILABILITY = YES_AGGRESSIVE;
				CLANG_WARN_UNREACHABLE_CODE = YES;
				CLANG_WARN__DUPLICATE_METHOD_MATCH = YES;
				COPY_PHASE_STRIP = NO;
				DEBUG_INFORMATION_FORMAT = dwarf;
				ENABLE_STRICT_OBJC_MSGSEND = YES;
				ENABLE_TESTABILITY = YES;
				GCC_C_LANGUAGE_STANDARD = gnu11;
				GCC_DYNAMIC_NO_PIC = NO;
				GCC_NO_COMMON_BLOCKS = YES;
				GCC_OPTIMIZATION_LEVEL = 0;
				GCC_PREPROCESSOR_DEFINITIONS = (
					"DEBUG=1",
					"$(inherited)",
				);
				GCC_WARN_64_TO_32_BIT_CONVERSION = YES;
				GCC_WARN_ABOUT_RETURN_TYPE = YES_ERROR;
				GCC_WARN_UNDECLARED_SELECTOR = YES;
				GCC_WARN_UNINITIALIZED_AUTOS = YES_AGGRESSIVE;
				GCC_WARN_UNUSED_FUNCTION = YES;
				GCC_WARN_UNUSED_VARIABLE = YES;
				MTL_ENABLE_DEBUG_INFO = INCLUDE_SOURCE;
				MTL_FAST_MATH = YES;
				ONLY_ACTIVE_ARCH = YES;
				SWIFT_ACTIVE_COMPILATION_CONDITIONS = DEBUG;
				SWIFT_OPTIMIZATION_LEVEL = "-Onone";
			};
			name = Debug;
		};
		B3DDD462294FF43600602148 /* Release */ = {
			isa = XCBuildConfiguration;
			buildSettings = {
				ALWAYS_SEARCH_USER_PATHS = NO;
				CLANG_ANALYZER_NONNULL = YES;
				CLANG_ANALYZER_NUMBER_OBJECT_CONVERSION = YES_AGGRESSIVE;
				CLANG_CXX_LANGUAGE_STANDARD = "gnu++20";
				CLANG_ENABLE_MODULES = YES;
				CLANG_ENABLE_OBJC_ARC = YES;
				CLANG_ENABLE_OBJC_WEAK = YES;
				CLANG_WARN_BLOCK_CAPTURE_AUTORELEASING = YES;
				CLANG_WARN_BOOL_CONVERSION = YES;
				CLANG_WARN_COMMA = YES;
				CLANG_WARN_CONSTANT_CONVERSION = YES;
				CLANG_WARN_DEPRECATED_OBJC_IMPLEMENTATIONS = YES;
				CLANG_WARN_DIRECT_OBJC_ISA_USAGE = YES_ERROR;
				CLANG_WARN_DOCUMENTATION_COMMENTS = YES;
				CLANG_WARN_EMPTY_BODY = YES;
				CLANG_WARN_ENUM_CONVERSION = YES;
				CLANG_WARN_INFINITE_RECURSION = YES;
				CLANG_WARN_INT_CONVERSION = YES;
				CLANG_WARN_NON_LITERAL_NULL_CONVERSION = YES;
				CLANG_WARN_OBJC_IMPLICIT_RETAIN_SELF = YES;
				CLANG_WARN_OBJC_LITERAL_CONVERSION = YES;
				CLANG_WARN_OBJC_ROOT_CLASS = YES_ERROR;
				CLANG_WARN_QUOTED_INCLUDE_IN_FRAMEWORK_HEADER = YES;
				CLANG_WARN_RANGE_LOOP_ANALYSIS = YES;
				CLANG_WARN_STRICT_PROTOTYPES = YES;
				CLANG_WARN_SUSPICIOUS_MOVE = YES;
				CLANG_WARN_UNGUARDED_AVAILABILITY = YES_AGGRESSIVE;
				CLANG_WARN_UNREACHABLE_CODE = YES;
				CLANG_WARN__DUPLICATE_METHOD_MATCH = YES;
				COPY_PHASE_STRIP = NO;
				DEBUG_INFORMATION_FORMAT = "dwarf-with-dsym";
				ENABLE_NS_ASSERTIONS = NO;
				ENABLE_STRICT_OBJC_MSGSEND = YES;
				GCC_C_LANGUAGE_STANDARD = gnu11;
				GCC_NO_COMMON_BLOCKS = YES;
				GCC_WARN_64_TO_32_BIT_CONVERSION = YES;
				GCC_WARN_ABOUT_RETURN_TYPE = YES_ERROR;
				GCC_WARN_UNDECLARED_SELECTOR = YES;
				GCC_WARN_UNINITIALIZED_AUTOS = YES_AGGRESSIVE;
				GCC_WARN_UNUSED_FUNCTION = YES;
				GCC_WARN_UNUSED_VARIABLE = YES;
				MTL_ENABLE_DEBUG_INFO = NO;
				MTL_FAST_MATH = YES;
				SWIFT_COMPILATION_MODE = wholemodule;
				SWIFT_OPTIMIZATION_LEVEL = "-O";
			};
			name = Release;
		};
		B3DDD464294FF43600602148 /* Debug */ = {
			isa = XCBuildConfiguration;
			buildSettings = {
				ASSETCATALOG_COMPILER_APPICON_NAME = AppIcon;
				ASSETCATALOG_COMPILER_GLOBAL_ACCENT_COLOR_NAME = AccentColor;
				CODE_SIGN_STYLE = Automatic;
				CURRENT_PROJECT_VERSION = 1;
				DEVELOPMENT_ASSET_PATHS = "\"WatchMe Watch App/Preview Content\"";
				DEVELOPMENT_TEAM = MLT7M394S7;
				ENABLE_PREVIEWS = YES;
				GENERATE_INFOPLIST_FILE = YES;
				INFOPLIST_FILE = "WatchMe-Watch-App-Info.plist";
				INFOPLIST_KEY_CFBundleDisplayName = WatchMe;
				INFOPLIST_KEY_UISupportedInterfaceOrientations = "UIInterfaceOrientationPortrait UIInterfaceOrientationPortraitUpsideDown";
				INFOPLIST_KEY_WKWatchOnly = YES;
				LD_RUNPATH_SEARCH_PATHS = (
					"$(inherited)",
					"@executable_path/Frameworks",
				);
				MARKETING_VERSION = 1.0;
				PRODUCT_BUNDLE_IDENTIFIER = com.BrightDigit.WatchMe.watchkitapp;
				PRODUCT_NAME = "$(TARGET_NAME)";
				SDKROOT = watchos;
				SKIP_INSTALL = YES;
				SWIFT_EMIT_LOC_STRINGS = YES;
				SWIFT_VERSION = 5.0;
				TARGETED_DEVICE_FAMILY = 4;
				WATCHOS_DEPLOYMENT_TARGET = 8.0;
			};
			name = Debug;
		};
		B3DDD465294FF43600602148 /* Release */ = {
			isa = XCBuildConfiguration;
			buildSettings = {
				ASSETCATALOG_COMPILER_APPICON_NAME = AppIcon;
				ASSETCATALOG_COMPILER_GLOBAL_ACCENT_COLOR_NAME = AccentColor;
				CODE_SIGN_STYLE = Automatic;
				CURRENT_PROJECT_VERSION = 1;
				DEVELOPMENT_ASSET_PATHS = "\"WatchMe Watch App/Preview Content\"";
				DEVELOPMENT_TEAM = MLT7M394S7;
				ENABLE_PREVIEWS = YES;
				GENERATE_INFOPLIST_FILE = YES;
				INFOPLIST_FILE = "WatchMe-Watch-App-Info.plist";
				INFOPLIST_KEY_CFBundleDisplayName = WatchMe;
				INFOPLIST_KEY_UISupportedInterfaceOrientations = "UIInterfaceOrientationPortrait UIInterfaceOrientationPortraitUpsideDown";
				INFOPLIST_KEY_WKWatchOnly = YES;
				LD_RUNPATH_SEARCH_PATHS = (
					"$(inherited)",
					"@executable_path/Frameworks",
				);
				MARKETING_VERSION = 1.0;
				PRODUCT_BUNDLE_IDENTIFIER = com.BrightDigit.WatchMe.watchkitapp;
				PRODUCT_NAME = "$(TARGET_NAME)";
				SDKROOT = watchos;
				SKIP_INSTALL = YES;
				SWIFT_EMIT_LOC_STRINGS = YES;
				SWIFT_VERSION = 5.0;
				TARGETED_DEVICE_FAMILY = 4;
				VALIDATE_PRODUCT = YES;
				WATCHOS_DEPLOYMENT_TARGET = 8.0;
			};
			name = Release;
		};
		B3DDD468294FF43600602148 /* Debug */ = {
			isa = XCBuildConfiguration;
			buildSettings = {
				ALWAYS_EMBED_SWIFT_STANDARD_LIBRARIES = YES;
				CODE_SIGN_STYLE = Automatic;
				CURRENT_PROJECT_VERSION = 1;
				DEVELOPMENT_TEAM = MLT7M394S7;
				INFOPLIST_KEY_CFBundleDisplayName = WatchMe;
				MARKETING_VERSION = 1.0;
				PRODUCT_BUNDLE_IDENTIFIER = com.BrightDigit.WatchMe;
				PRODUCT_NAME = "$(TARGET_NAME)";
				SDKROOT = iphoneos;
				SWIFT_VERSION = 5.0;
			};
			name = Debug;
		};
		B3DDD469294FF43600602148 /* Release */ = {
			isa = XCBuildConfiguration;
			buildSettings = {
				ALWAYS_EMBED_SWIFT_STANDARD_LIBRARIES = YES;
				CODE_SIGN_STYLE = Automatic;
				CURRENT_PROJECT_VERSION = 1;
				DEVELOPMENT_TEAM = MLT7M394S7;
				INFOPLIST_KEY_CFBundleDisplayName = WatchMe;
				MARKETING_VERSION = 1.0;
				PRODUCT_BUNDLE_IDENTIFIER = com.BrightDigit.WatchMe;
				PRODUCT_NAME = "$(TARGET_NAME)";
				SDKROOT = iphoneos;
				SWIFT_VERSION = 5.0;
				VALIDATE_PRODUCT = YES;
			};
			name = Release;
		};
/* End XCBuildConfiguration section */

/* Begin XCConfigurationList section */
		B3DDD44A294FF43400602148 /* Build configuration list for PBXProject "WatchMe" */ = {
			isa = XCConfigurationList;
			buildConfigurations = (
				B3DDD461294FF43600602148 /* Debug */,
				B3DDD462294FF43600602148 /* Release */,
			);
			defaultConfigurationIsVisible = 0;
			defaultConfigurationName = Release;
		};
		B3DDD463294FF43600602148 /* Build configuration list for PBXNativeTarget "WatchMe Watch App" */ = {
			isa = XCConfigurationList;
			buildConfigurations = (
				B3DDD464294FF43600602148 /* Debug */,
				B3DDD465294FF43600602148 /* Release */,
			);
			defaultConfigurationIsVisible = 0;
			defaultConfigurationName = Release;
		};
		B3DDD467294FF43600602148 /* Build configuration list for PBXNativeTarget "WatchMe" */ = {
			isa = XCConfigurationList;
			buildConfigurations = (
				B3DDD468294FF43600602148 /* Debug */,
				B3DDD469294FF43600602148 /* Release */,
			);
			defaultConfigurationIsVisible = 0;
			defaultConfigurationName = Release;
		};
/* End XCConfigurationList section */

/* Begin XCSwiftPackageProductDependency section */
		B3DDD46D294FF56A00602148 /* WatchMeServ */ = {
			isa = XCSwiftPackageProductDependency;
			productName = WatchMeServ;
		};
/* End XCSwiftPackageProductDependency section */
	};
	rootObject = B3DDD447294FF43400602148 /* Project object */;
}
